lockfileVersion: '6.0'

settings:
  autoInstallPeers: true
  excludeLinksFromLockfile: false

dependencies:
  '@actions/core':
    specifier: ^1.10.0
    version: 1.10.0
  '@actions/exec':
    specifier: ^1.1.1
    version: 1.1.1
  '@actions/github':
    specifier: ^5.1.1
    version: 5.1.1
  '@aws-sdk/client-ecr':
    specifier: ^3.385.0
    version: 3.385.0
  '@octokit/rest':
    specifier: ^20.0.1
    version: 20.0.1
  node-fetch:
    specifier: ^3.3.2
    version: 3.3.2

devDependencies:
  '@types/node':
    specifier: ^16.18.39
    version: 16.18.39
  esbuild:
    specifier: ^0.18.18
    version: 0.18.18
  rome:
    specifier: ^12.1.3
    version: 12.1.3
  typescript:
    specifier: ^5.1.6
    version: 5.1.6

packages:

  /@actions/core@1.10.0:
    resolution: {integrity: sha512-2aZDDa3zrrZbP5ZYg159sNoLRb61nQ7awl5pSvIq5Qpj81vwDzdMRKzkWJGJuwVvWpvZKx7vspJALyvaaIQyug==}
    dependencies:
      '@actions/http-client': 2.1.1
      uuid: 8.3.2
    dev: false

  /@actions/exec@1.1.1:
    resolution: {integrity: sha512-+sCcHHbVdk93a0XT19ECtO/gIXoxvdsgQLzb2fE2/5sIZmWQuluYyjPQtrtTHdU1YzTZ7bAPN4sITq2xi1679w==}
    dependencies:
      '@actions/io': 1.1.3
    dev: false

  /@actions/github@5.1.1:
    resolution: {integrity: sha512-Nk59rMDoJaV+mHCOJPXuvB1zIbomlKS0dmSIqPGxd0enAXBnOfn4VWF+CGtRCwXZG9Epa54tZA7VIRlJDS8A6g==}
    dependencies:
      '@actions/http-client': 2.1.1
      '@octokit/core': 3.6.0
      '@octokit/plugin-paginate-rest': 2.21.3(@octokit/core@3.6.0)
      '@octokit/plugin-rest-endpoint-methods': 5.16.2(@octokit/core@3.6.0)
    transitivePeerDependencies:
      - encoding
    dev: false

  /@actions/http-client@2.1.1:
    resolution: {integrity: sha512-qhrkRMB40bbbLo7gF+0vu+X+UawOvQQqNAA/5Unx774RS8poaOhThDOG6BGmxvAnxhQnDp2BG/ZUm65xZILTpw==}
    dependencies:
      tunnel: 0.0.6
    dev: false

  /@actions/io@1.1.3:
    resolution: {integrity: sha512-wi9JjgKLYS7U/z8PPbco+PvTb/nRWjeoFlJ1Qer83k/3C5PHQi28hiVdeE2kHXmIL99mQFawx8qt/JPjZilJ8Q==}
    dev: false

  /@aws-crypto/crc32@3.0.0:
    resolution: {integrity: sha512-IzSgsrxUcsrejQbPVilIKy16kAT52EwB6zSaI+M3xxIhKh5+aldEyvI+z6erM7TCLB2BJsFrtHjp6/4/sr+3dA==}
    dependencies:
      '@aws-crypto/util': 3.0.0
      '@aws-sdk/types': 3.378.0
      tslib: 1.14.1
    dev: false

  /@aws-crypto/ie11-detection@3.0.0:
    resolution: {integrity: sha512-341lBBkiY1DfDNKai/wXM3aujNBkXR7tq1URPQDL9wi3AUbI80NR74uF1TXHMm7po1AcnFk8iu2S2IeU/+/A+Q==}
    dependencies:
      tslib: 1.14.1
    dev: false

  /@aws-crypto/sha256-browser@3.0.0:
    resolution: {integrity: sha512-8VLmW2B+gjFbU5uMeqtQM6Nj0/F1bro80xQXCW6CQBWgosFWXTx77aeOF5CAIAmbOK64SdMBJdNr6J41yP5mvQ==}
    dependencies:
      '@aws-crypto/ie11-detection': 3.0.0
      '@aws-crypto/sha256-js': 3.0.0
      '@aws-crypto/supports-web-crypto': 3.0.0
      '@aws-crypto/util': 3.0.0
      '@aws-sdk/types': 3.378.0
      '@aws-sdk/util-locate-window': 3.310.0
      '@aws-sdk/util-utf8-browser': 3.259.0
      tslib: 1.14.1
    dev: false

  /@aws-crypto/sha256-js@3.0.0:
    resolution: {integrity: sha512-PnNN7os0+yd1XvXAy23CFOmTbMaDxgxXtTKHybrJ39Y8kGzBATgBFibWJKH6BhytLI/Zyszs87xCOBNyBig6vQ==}
    dependencies:
      '@aws-crypto/util': 3.0.0
      '@aws-sdk/types': 3.378.0
      tslib: 1.14.1
    dev: false

  /@aws-crypto/supports-web-crypto@3.0.0:
    resolution: {integrity: sha512-06hBdMwUAb2WFTuGG73LSC0wfPu93xWwo5vL2et9eymgmu3Id5vFAHBbajVWiGhPO37qcsdCap/FqXvJGJWPIg==}
    dependencies:
      tslib: 1.14.1
    dev: false

  /@aws-crypto/util@3.0.0:
    resolution: {integrity: sha512-2OJlpeJpCR48CC8r+uKVChzs9Iungj9wkZrl8Z041DWEWvyIHILYKCPNzJghKsivj+S3mLo6BVc7mBNzdxA46w==}
    dependencies:
      '@aws-sdk/types': 3.378.0
      '@aws-sdk/util-utf8-browser': 3.259.0
      tslib: 1.14.1
    dev: false

  /@aws-sdk/client-ecr@3.385.0:
    resolution: {integrity: sha512-RODfKbZ/sGm4hcpYxuqlaICOlkpE2L4teBw3lhaMJDIclXUNhR3QeN9QEkSJuYUEGcuSTM/kIZ3iZgkyqc6ugw==}
    engines: {node: '>=14.0.0'}
    dependencies:
      '@aws-crypto/sha256-browser': 3.0.0
      '@aws-crypto/sha256-js': 3.0.0
      '@aws-sdk/client-sts': 3.385.0
      '@aws-sdk/credential-provider-node': 3.385.0
      '@aws-sdk/middleware-host-header': 3.379.1
      '@aws-sdk/middleware-logger': 3.378.0
      '@aws-sdk/middleware-recursion-detection': 3.378.0
      '@aws-sdk/middleware-signing': 3.379.1
      '@aws-sdk/middleware-user-agent': 3.382.0
      '@aws-sdk/types': 3.378.0
      '@aws-sdk/util-endpoints': 3.382.0
      '@aws-sdk/util-user-agent-browser': 3.378.0
      '@aws-sdk/util-user-agent-node': 3.378.0
      '@smithy/config-resolver': 2.0.1
      '@smithy/fetch-http-handler': 2.0.1
      '@smithy/hash-node': 2.0.1
      '@smithy/invalid-dependency': 2.0.1
      '@smithy/middleware-content-length': 2.0.1
      '@smithy/middleware-endpoint': 2.0.1
      '@smithy/middleware-retry': 2.0.1
      '@smithy/middleware-serde': 2.0.1
      '@smithy/middleware-stack': 2.0.0
      '@smithy/node-config-provider': 2.0.1
      '@smithy/node-http-handler': 2.0.1
      '@smithy/protocol-http': 2.0.1
      '@smithy/smithy-client': 2.0.1
      '@smithy/types': 2.0.2
      '@smithy/url-parser': 2.0.1
      '@smithy/util-base64': 2.0.0
      '@smithy/util-body-length-browser': 2.0.0
      '@smithy/util-body-length-node': 2.0.0
      '@smithy/util-defaults-mode-browser': 2.0.1
      '@smithy/util-defaults-mode-node': 2.0.1
      '@smithy/util-retry': 2.0.0
      '@smithy/util-utf8': 2.0.0
      '@smithy/util-waiter': 2.0.1
      tslib: 2.6.1
    transitivePeerDependencies:
      - aws-crt
    dev: false

  /@aws-sdk/client-sso@3.382.0:
    resolution: {integrity: sha512-ge11t4hJllOF8pBNF0p1X52lLqUsLGAoey24fvk3fyvvczeLpegGYh2kdLG0iwFTDgRxaUqK+kboH5Wy9ux/pw==}
    engines: {node: '>=14.0.0'}
    dependencies:
      '@aws-crypto/sha256-browser': 3.0.0
      '@aws-crypto/sha256-js': 3.0.0
      '@aws-sdk/middleware-host-header': 3.379.1
      '@aws-sdk/middleware-logger': 3.378.0
      '@aws-sdk/middleware-recursion-detection': 3.378.0
      '@aws-sdk/middleware-user-agent': 3.382.0
      '@aws-sdk/types': 3.378.0
      '@aws-sdk/util-endpoints': 3.382.0
      '@aws-sdk/util-user-agent-browser': 3.378.0
      '@aws-sdk/util-user-agent-node': 3.378.0
      '@smithy/config-resolver': 2.0.1
      '@smithy/fetch-http-handler': 2.0.1
      '@smithy/hash-node': 2.0.1
      '@smithy/invalid-dependency': 2.0.1
      '@smithy/middleware-content-length': 2.0.1
      '@smithy/middleware-endpoint': 2.0.1
      '@smithy/middleware-retry': 2.0.1
      '@smithy/middleware-serde': 2.0.1
      '@smithy/middleware-stack': 2.0.0
      '@smithy/node-config-provider': 2.0.1
      '@smithy/node-http-handler': 2.0.1
      '@smithy/protocol-http': 2.0.1
      '@smithy/smithy-client': 2.0.1
      '@smithy/types': 2.0.2
      '@smithy/url-parser': 2.0.1
      '@smithy/util-base64': 2.0.0
      '@smithy/util-body-length-browser': 2.0.0
      '@smithy/util-body-length-node': 2.0.0
      '@smithy/util-defaults-mode-browser': 2.0.1
      '@smithy/util-defaults-mode-node': 2.0.1
      '@smithy/util-retry': 2.0.0
      '@smithy/util-utf8': 2.0.0
      tslib: 2.6.1
    transitivePeerDependencies:
      - aws-crt
    dev: false

  /@aws-sdk/client-sts@3.385.0:
    resolution: {integrity: sha512-VdSDwICW2cBttbdj1izu6VYflJbZZKu3/FSaJGuGu8SgTvRsa56g6E5xfbUfR/SCstuETObKLusSfQZ6yxUnzA==}
    engines: {node: '>=14.0.0'}
    dependencies:
      '@aws-crypto/sha256-browser': 3.0.0
      '@aws-crypto/sha256-js': 3.0.0
      '@aws-sdk/credential-provider-node': 3.385.0
      '@aws-sdk/middleware-host-header': 3.379.1
      '@aws-sdk/middleware-logger': 3.378.0
      '@aws-sdk/middleware-recursion-detection': 3.378.0
      '@aws-sdk/middleware-sdk-sts': 3.379.1
      '@aws-sdk/middleware-signing': 3.379.1
      '@aws-sdk/middleware-user-agent': 3.382.0
      '@aws-sdk/types': 3.378.0
      '@aws-sdk/util-endpoints': 3.382.0
      '@aws-sdk/util-user-agent-browser': 3.378.0
      '@aws-sdk/util-user-agent-node': 3.378.0
      '@smithy/config-resolver': 2.0.1
      '@smithy/fetch-http-handler': 2.0.1
      '@smithy/hash-node': 2.0.1
      '@smithy/invalid-dependency': 2.0.1
      '@smithy/middleware-content-length': 2.0.1
      '@smithy/middleware-endpoint': 2.0.1
      '@smithy/middleware-retry': 2.0.1
      '@smithy/middleware-serde': 2.0.1
      '@smithy/middleware-stack': 2.0.0
      '@smithy/node-config-provider': 2.0.1
      '@smithy/node-http-handler': 2.0.1
      '@smithy/protocol-http': 2.0.1
      '@smithy/smithy-client': 2.0.1
      '@smithy/types': 2.0.2
      '@smithy/url-parser': 2.0.1
      '@smithy/util-base64': 2.0.0
      '@smithy/util-body-length-browser': 2.0.0
      '@smithy/util-body-length-node': 2.0.0
      '@smithy/util-defaults-mode-browser': 2.0.1
      '@smithy/util-defaults-mode-node': 2.0.1
      '@smithy/util-retry': 2.0.0
      '@smithy/util-utf8': 2.0.0
      fast-xml-parser: 4.2.5
      tslib: 2.6.1
    transitivePeerDependencies:
      - aws-crt
    dev: false

  /@aws-sdk/credential-provider-env@3.378.0:
    resolution: {integrity: sha512-B2OVdO9kBClDwGgWTBLAQwFV8qYTYGyVujg++1FZFSFMt8ORFdZ5fNpErvJtiSjYiOOQMzyBeSNhKyYNXCiJjQ==}
    engines: {node: '>=14.0.0'}
    dependencies:
      '@aws-sdk/types': 3.378.0
      '@smithy/property-provider': 2.0.1
      '@smithy/types': 2.0.2
      tslib: 2.6.1
    dev: false

  /@aws-sdk/credential-provider-ini@3.385.0:
    resolution: {integrity: sha512-WBIR5GdfUzCGzynQYX/TuCXw3KJCkHBk6bVAsO1YmfR68XKVAxWmJPKovlK/rR6LIuV+iwUMNludO+SkmG0efg==}
    engines: {node: '>=14.0.0'}
    dependencies:
      '@aws-sdk/credential-provider-env': 3.378.0
      '@aws-sdk/credential-provider-process': 3.378.0
      '@aws-sdk/credential-provider-sso': 3.385.0
      '@aws-sdk/credential-provider-web-identity': 3.378.0
      '@aws-sdk/types': 3.378.0
      '@smithy/credential-provider-imds': 2.0.1
      '@smithy/property-provider': 2.0.1
      '@smithy/shared-ini-file-loader': 2.0.1
      '@smithy/types': 2.0.2
      tslib: 2.6.1
    transitivePeerDependencies:
      - aws-crt
    dev: false

  /@aws-sdk/credential-provider-node@3.385.0:
    resolution: {integrity: sha512-Lk8uu6jm/8OkbLX4Qnss8o5bnt0yQa0Tb7Azbh5/5otju5kStVAD2E+zMGrMP++NriGyZV87crduh0J8l4JUTA==}
    engines: {node: '>=14.0.0'}
    dependencies:
      '@aws-sdk/credential-provider-env': 3.378.0
      '@aws-sdk/credential-provider-ini': 3.385.0
      '@aws-sdk/credential-provider-process': 3.378.0
      '@aws-sdk/credential-provider-sso': 3.385.0
      '@aws-sdk/credential-provider-web-identity': 3.378.0
      '@aws-sdk/types': 3.378.0
      '@smithy/credential-provider-imds': 2.0.1
      '@smithy/property-provider': 2.0.1
      '@smithy/shared-ini-file-loader': 2.0.1
      '@smithy/types': 2.0.2
      tslib: 2.6.1
    transitivePeerDependencies:
      - aws-crt
    dev: false

  /@aws-sdk/credential-provider-process@3.378.0:
    resolution: {integrity: sha512-KFTIy7u+wXj3eDua4rgS0tODzMnXtXhAm1RxzCW9FL5JLBBrd82ymCj1Dp72217Sw5Do6NjCnDTTNkCHZMA77w==}
    engines: {node: '>=14.0.0'}
    dependencies:
      '@aws-sdk/types': 3.378.0
      '@smithy/property-provider': 2.0.1
      '@smithy/shared-ini-file-loader': 2.0.1
      '@smithy/types': 2.0.2
      tslib: 2.6.1
    dev: false

  /@aws-sdk/credential-provider-sso@3.385.0:
    resolution: {integrity: sha512-ETFnS+4ZKTAgT8boVpIpRuXA9wWGpNqOcI1RXtjsaIgQ9s8uNn2JPa8l71gZh861mzBC8Hadp1EpNu+43w4lkg==}
    engines: {node: '>=14.0.0'}
    dependencies:
      '@aws-sdk/client-sso': 3.382.0
      '@aws-sdk/token-providers': 3.385.0
      '@aws-sdk/types': 3.378.0
      '@smithy/property-provider': 2.0.1
      '@smithy/shared-ini-file-loader': 2.0.1
      '@smithy/types': 2.0.2
      tslib: 2.6.1
    transitivePeerDependencies:
      - aws-crt
    dev: false

  /@aws-sdk/credential-provider-web-identity@3.378.0:
    resolution: {integrity: sha512-GWjydOszhc4xDF8xuPtBvboglXQr0gwCW1oHAvmLcOT38+Hd6qnKywnMSeoXYRPgoKfF9TkWQgW1jxplzCG0UA==}
    engines: {node: '>=14.0.0'}
    dependencies:
      '@aws-sdk/types': 3.378.0
      '@smithy/property-provider': 2.0.1
      '@smithy/types': 2.0.2
      tslib: 2.6.1
    dev: false

  /@aws-sdk/middleware-host-header@3.379.1:
    resolution: {integrity: sha512-LI4KpAFWNWVr2aH2vRVblr0Y8tvDz23lj8LOmbDmCrzd5M21nxuocI/8nEAQj55LiTIf9Zs+dHCdsyegnFXdrA==}
    engines: {node: '>=14.0.0'}
    dependencies:
      '@aws-sdk/types': 3.378.0
      '@smithy/protocol-http': 2.0.1
      '@smithy/types': 2.0.2
      tslib: 2.6.1
    dev: false

  /@aws-sdk/middleware-logger@3.378.0:
    resolution: {integrity: sha512-l1DyaDLm3KeBMNMuANI3scWh8Xvu248x+vw6Z7ExWOhGXFmQ1MW7YvASg/SdxWkhlF9HmkkTif1LdMB22x6QDA==}
    engines: {node: '>=14.0.0'}
    dependencies:
      '@aws-sdk/types': 3.378.0
      '@smithy/types': 2.0.2
      tslib: 2.6.1
    dev: false

  /@aws-sdk/middleware-recursion-detection@3.378.0:
    resolution: {integrity: sha512-mUMfHAz0oGNIWiTZHTVJb+I515Hqs2zx1j36Le4MMiiaMkPW1SRUF1FIwGuc1wh6E8jB5q+XfEMriDjRi4TZRA==}
    engines: {node: '>=14.0.0'}
    dependencies:
      '@aws-sdk/types': 3.378.0
      '@smithy/protocol-http': 2.0.1
      '@smithy/types': 2.0.2
      tslib: 2.6.1
    dev: false

  /@aws-sdk/middleware-sdk-sts@3.379.1:
    resolution: {integrity: sha512-SK3gSyT0XbLiY12+AjLFYL9YngxOXHnZF3Z33Cdd4a+AUYrVBV7JBEEGD1Nlwrcmko+3XgaKlmgUaR5s91MYvg==}
    engines: {node: '>=14.0.0'}
    dependencies:
      '@aws-sdk/middleware-signing': 3.379.1
      '@aws-sdk/types': 3.378.0
      '@smithy/types': 2.0.2
      tslib: 2.6.1
    dev: false

  /@aws-sdk/middleware-signing@3.379.1:
    resolution: {integrity: sha512-kBk2ZUvR84EM4fICjr8K+Ykpf8SI1UzzPp2/UVYZ0X+4H/ZCjfSqohGRwHykMqeplne9qHSL7/rGJs1H3l3gPg==}
    engines: {node: '>=14.0.0'}
    dependencies:
      '@aws-sdk/types': 3.378.0
      '@smithy/property-provider': 2.0.1
      '@smithy/protocol-http': 2.0.1
      '@smithy/signature-v4': 2.0.1
      '@smithy/types': 2.0.2
      '@smithy/util-middleware': 2.0.0
      tslib: 2.6.1
    dev: false

  /@aws-sdk/middleware-user-agent@3.382.0:
    resolution: {integrity: sha512-LFRW1jmXOrOAd3911ktn6oaYmuurNnulbdRMOUdwz99GGdLVFipQhOi9idKswb8IOhPa4jEVQt25Kcv7ctvu0A==}
    engines: {node: '>=14.0.0'}
    dependencies:
      '@aws-sdk/types': 3.378.0
      '@aws-sdk/util-endpoints': 3.382.0
      '@smithy/protocol-http': 2.0.1
      '@smithy/types': 2.0.2
      tslib: 2.6.1
    dev: false

  /@aws-sdk/token-providers@3.385.0:
    resolution: {integrity: sha512-2A2Y7/bU5EaxQwLwLy7ojs+Wy5VOBkIlGPH7ZcpPaoQ1Hscwn3Wvx/DZmOvbyYfZ1CbIFutoHJlVxh6KZldUDw==}
    engines: {node: '>=14.0.0'}
    dependencies:
      '@aws-sdk/types': 3.378.0
      '@smithy/property-provider': 2.0.1
      '@smithy/shared-ini-file-loader': 2.0.1
      '@smithy/types': 2.0.2
      tslib: 2.6.1
    dev: false

  /@aws-sdk/types@3.378.0:
    resolution: {integrity: sha512-qP0CvR/ItgktmN8YXpGQglzzR/6s0nrsQ4zIfx3HMwpsBTwuouYahcCtF1Vr82P4NFcoDA412EJahJ2pIqEd+w==}
    engines: {node: '>=14.0.0'}
    dependencies:
      '@smithy/types': 2.0.2
      tslib: 2.6.1
    dev: false

  /@aws-sdk/util-endpoints@3.382.0:
    resolution: {integrity: sha512-flajPyjmjNG67fXk7l4GoTB/7J11VBqtFZXuuAZKhKU07Ia3IQupsFqNf5lV8D44ZgjnKH0fTGnv3dUALjW7Wg==}
    engines: {node: '>=14.0.0'}
    dependencies:
      '@aws-sdk/types': 3.378.0
      tslib: 2.6.1
    dev: false

  /@aws-sdk/util-locate-window@3.310.0:
    resolution: {integrity: sha512-qo2t/vBTnoXpjKxlsC2e1gBrRm80M3bId27r0BRB2VniSSe7bL1mmzM+/HFtujm0iAxtPM+aLEflLJlJeDPg0w==}
    engines: {node: '>=14.0.0'}
    dependencies:
      tslib: 2.6.1
    dev: false

  /@aws-sdk/util-user-agent-browser@3.378.0:
    resolution: {integrity: sha512-FSCpagzftK1W+m7Ar6lpX7/Gr9y5P56nhFYz8U4EYQ4PkufS6czWX9YW+/FA5OYV0vlQ/SvPqMnzoHIPUNhZrQ==}
    dependencies:
      '@aws-sdk/types': 3.378.0
      '@smithy/types': 2.0.2
      bowser: 2.11.0
      tslib: 2.6.1
    dev: false

  /@aws-sdk/util-user-agent-node@3.378.0:
    resolution: {integrity: sha512-IdwVJV0E96MkJeFte4dlWqvB+oiqCiZ5lOlheY3W9NynTuuX0GGYNC8Y9yIsV8Oava1+ujpJq0ww6qXdYxmO4A==}
    engines: {node: '>=14.0.0'}
    peerDependencies:
      aws-crt: '>=1.0.0'
    peerDependenciesMeta:
      aws-crt:
        optional: true
    dependencies:
      '@aws-sdk/types': 3.378.0
      '@smithy/node-config-provider': 2.0.1
      '@smithy/types': 2.0.2
      tslib: 2.6.1
    dev: false

  /@aws-sdk/util-utf8-browser@3.259.0:
    resolution: {integrity: sha512-UvFa/vR+e19XookZF8RzFZBrw2EUkQWxiBW0yYQAhvk3C+QVGl0H3ouca8LDBlBfQKXwmW3huo/59H8rwb1wJw==}
    dependencies:
      tslib: 2.6.1
    dev: false

  /@esbuild/android-arm64@0.18.18:
    resolution: {integrity: sha512-dkAPYzRHq3dNXIzOyAknYOzsx8o3KWaNiuu56B2rP9IFPmFWMS58WQcTlUQi6iloku8ZyHHMluCe5sTWhKq/Yw==}
    engines: {node: '>=12'}
    cpu: [arm64]
    os: [android]
    requiresBuild: true
    dev: true
    optional: true

  /@esbuild/android-arm@0.18.18:
    resolution: {integrity: sha512-oBymf7ZwplAawSxmiSlBCf+FMcY0f4bs5QP2jn43JKUf0M9DnrUTjqa5RvFPl1elw+sMfcpfBRPK+rb+E1q7zg==}
    engines: {node: '>=12'}
    cpu: [arm]
    os: [android]
    requiresBuild: true
    dev: true
    optional: true

  /@esbuild/android-x64@0.18.18:
    resolution: {integrity: sha512-r7/pVcrUQMYkjvtE/1/n6BxhWM+/9tvLxDG1ev1ce4z3YsqoxMK9bbOM6bFcj0BowMeGQvOZWcBV182lFFKmrw==}
    engines: {node: '>=12'}
    cpu: [x64]
    os: [android]
    requiresBuild: true
    dev: true
    optional: true

  /@esbuild/darwin-arm64@0.18.18:
    resolution: {integrity: sha512-MSe2iV9MAH3wfP0g+vzN9bp36rtPPuCSk+bT5E2vv/d8krvW5uB/Pi/Q5+txUZuxsG3GcO8dhygjnFq0wJU9hQ==}
    engines: {node: '>=12'}
    cpu: [arm64]
    os: [darwin]
    requiresBuild: true
    dev: true
    optional: true

  /@esbuild/darwin-x64@0.18.18:
    resolution: {integrity: sha512-ARFYISOWkaifjcr48YtO70gcDNeOf1H2RnmOj6ip3xHIj66f3dAbhcd5Nph5np6oHI7DhHIcr9MWO18RvUL1bw==}
    engines: {node: '>=12'}
    cpu: [x64]
    os: [darwin]
    requiresBuild: true
    dev: true
    optional: true

  /@esbuild/freebsd-arm64@0.18.18:
    resolution: {integrity: sha512-BHnXmexzEWRU2ZySJosU0Ts0NRnJnNrMB6t4EiIaOSel73I8iLsNiTPLH0rJulAh19cYZutsB5XHK6N8fi5eMg==}
    engines: {node: '>=12'}
    cpu: [arm64]
    os: [freebsd]
    requiresBuild: true
    dev: true
    optional: true

  /@esbuild/freebsd-x64@0.18.18:
    resolution: {integrity: sha512-n823w35wm0ZOobbuE//0sJjuz1Qj619+AwjgOcAJMN2pomZhH9BONCtn+KlfrmM/NWZ+27yB/eGVFzUIWLeh3w==}
    engines: {node: '>=12'}
    cpu: [x64]
    os: [freebsd]
    requiresBuild: true
    dev: true
    optional: true

  /@esbuild/linux-arm64@0.18.18:
    resolution: {integrity: sha512-zANxnwF0sCinDcAqoMohGoWBK9QaFJ65Vgh0ZE+RXtURaMwx+RfmfLElqtnn7X8OYNckMoIXSg7u+tZ3tqTlrA==}
    engines: {node: '>=12'}
    cpu: [arm64]
    os: [linux]
    requiresBuild: true
    dev: true
    optional: true

  /@esbuild/linux-arm@0.18.18:
    resolution: {integrity: sha512-Kck3jxPLQU4VeAGwe8Q4NU+IWIx+suULYOFUI9T0C2J1+UQlOHJ08ITN+MaJJ+2youzJOmKmcphH/t3SJxQ1Tw==}
    engines: {node: '>=12'}
    cpu: [arm]
    os: [linux]
    requiresBuild: true
    dev: true
    optional: true

  /@esbuild/linux-ia32@0.18.18:
    resolution: {integrity: sha512-+VHz2sIRlY5u8IlaLJpdf5TL2kM76yx186pW7bpTB+vLWpzcFQVP04L842ZB2Ty13A1VXUvy3DbU1jV65P2skg==}
    engines: {node: '>=12'}
    cpu: [ia32]
    os: [linux]
    requiresBuild: true
    dev: true
    optional: true

  /@esbuild/linux-loong64@0.18.18:
    resolution: {integrity: sha512-fXPEPdeGBvguo/1+Na8OIWz3667BN1cwbGtTEZWTd0qdyTsk5gGf9jVX8MblElbDb/Cpw6y5JiaQuL96YmvBwQ==}
    engines: {node: '>=12'}
    cpu: [loong64]
    os: [linux]
    requiresBuild: true
    dev: true
    optional: true

  /@esbuild/linux-mips64el@0.18.18:
    resolution: {integrity: sha512-dLvRB87pIBIRnEIC32LIcgwK1JzlIuADIRjLKdUIpxauKwMuS/xMpN+cFl+0nN4RHNYOZ57DmXFFmQAcdlFOmw==}
    engines: {node: '>=12'}
    cpu: [mips64el]
    os: [linux]
    requiresBuild: true
    dev: true
    optional: true

  /@esbuild/linux-ppc64@0.18.18:
    resolution: {integrity: sha512-fRChqIJZ7hLkXSKfBLYgsX9Ssb5OGCjk3dzCETF5QSS1qjTgayLv0ALUdJDB9QOh/nbWwp+qfLZU6md4XcjL7w==}
    engines: {node: '>=12'}
    cpu: [ppc64]
    os: [linux]
    requiresBuild: true
    dev: true
    optional: true

  /@esbuild/linux-riscv64@0.18.18:
    resolution: {integrity: sha512-ALK/BT3u7Hoa/vHjow6W6+MKF0ohYcVcVA1EpskI4bkBPVuDLrUDqt2YFifg5UcZc8qup0CwQqWmFUd6VMNgaA==}
    engines: {node: '>=12'}
    cpu: [riscv64]
    os: [linux]
    requiresBuild: true
    dev: true
    optional: true

  /@esbuild/linux-s390x@0.18.18:
    resolution: {integrity: sha512-crT7jtOXd9iirY65B+mJQ6W0HWdNy8dtkZqKGWNcBnunpLcTCfne5y5bKic9bhyYzKpQEsO+C/VBPD8iF0RhRw==}
    engines: {node: '>=12'}
    cpu: [s390x]
    os: [linux]
    requiresBuild: true
    dev: true
    optional: true

  /@esbuild/linux-x64@0.18.18:
    resolution: {integrity: sha512-/NSgghjBOW9ELqjXDYxOCCIsvQUZpvua1/6NdnA9Vnrp9UzEydyDdFXljUjMMS9p5KxMzbMO9frjHYGVHBfCHg==}
    engines: {node: '>=12'}
    cpu: [x64]
    os: [linux]
    requiresBuild: true
    dev: true
    optional: true

  /@esbuild/netbsd-x64@0.18.18:
    resolution: {integrity: sha512-8Otf05Vx5sZjLLDulgr5QS5lsWXMplKZEyHMArH9/S4olLlhzmdhQBPhzhJTNwaL2FJNdWcUPNGAcoD5zDTfUA==}
    engines: {node: '>=12'}
    cpu: [x64]
    os: [netbsd]
    requiresBuild: true
    dev: true
    optional: true

  /@esbuild/openbsd-x64@0.18.18:
    resolution: {integrity: sha512-tFiFF4kT5L5qhVrWJUNxEXWvvX8nK/UX9ZrB7apuTwY3f6+Xy4aFMBPwAVrBYtBd5MOUuyOVHK6HBZCAHkwUlw==}
    engines: {node: '>=12'}
    cpu: [x64]
    os: [openbsd]
    requiresBuild: true
    dev: true
    optional: true

  /@esbuild/sunos-x64@0.18.18:
    resolution: {integrity: sha512-MPogVV8Bzh8os4OM+YDGGsSzCzmNRiyKGtHoJyZLtI4BMmd6EcxmGlcEGK1uM46h1BiOyi7Z7teUtzzQhvkC+w==}
    engines: {node: '>=12'}
    cpu: [x64]
    os: [sunos]
    requiresBuild: true
    dev: true
    optional: true

  /@esbuild/win32-arm64@0.18.18:
    resolution: {integrity: sha512-YKD6LF/XXY9REu+ZL5RAsusiG48n602qxsMVh/E8FFD9hp4OyTQaL9fpE1ovxwQXqFio+tT0ITUGjDSSSPN13w==}
    engines: {node: '>=12'}
    cpu: [arm64]
    os: [win32]
    requiresBuild: true
    dev: true
    optional: true

  /@esbuild/win32-ia32@0.18.18:
    resolution: {integrity: sha512-NjSBmBsyZBTsZB6ga6rA6PfG/RHnwruUz/9YEVXcm4STGauFWvhYhOMhEyw1yU5NVgYYm8CH5AltCm77TS21/Q==}
    engines: {node: '>=12'}
    cpu: [ia32]
    os: [win32]
    requiresBuild: true
    dev: true
    optional: true

  /@esbuild/win32-x64@0.18.18:
    resolution: {integrity: sha512-eTSg/gC3p3tdjj4roDhe5xu94l1s2jMazP8u2FsYO8SEKvSpPOO71EucprDn/IuErDPvTFUhV9lTw5z5WJCRKQ==}
    engines: {node: '>=12'}
    cpu: [x64]
    os: [win32]
    requiresBuild: true
    dev: true
    optional: true

  /@octokit/auth-token@2.5.0:
    resolution: {integrity: sha512-r5FVUJCOLl19AxiuZD2VRZ/ORjp/4IN98Of6YJoJOkY75CIBuYfmiNHGrDwXr+aLGG55igl9QrxX3hbiXlLb+g==}
    dependencies:
      '@octokit/types': 6.41.0
    dev: false

  /@octokit/auth-token@4.0.0:
    resolution: {integrity: sha512-tY/msAuJo6ARbK6SPIxZrPBms3xPbfwBrulZe0Wtr/DIY9lje2HeV1uoebShn6mx7SjCHif6EjMvoREj+gZ+SA==}
    engines: {node: '>= 18'}
    dev: false

  /@octokit/core@3.6.0:
    resolution: {integrity: sha512-7RKRKuA4xTjMhY+eG3jthb3hlZCsOwg3rztWh75Xc+ShDWOfDDATWbeZpAHBNRpm4Tv9WgBMOy1zEJYXG6NJ7Q==}
    dependencies:
      '@octokit/auth-token': 2.5.0
      '@octokit/graphql': 4.8.0
      '@octokit/request': 5.6.3
      '@octokit/request-error': 2.1.0
      '@octokit/types': 6.41.0
      before-after-hook: 2.2.3
      universal-user-agent: 6.0.0
    transitivePeerDependencies:
      - encoding
    dev: false

  /@octokit/core@5.0.0:
    resolution: {integrity: sha512-YbAtMWIrbZ9FCXbLwT9wWB8TyLjq9mxpKdgB3dUNxQcIVTf9hJ70gRPwAcqGZdY6WdJPZ0I7jLaaNDCiloGN2A==}
    engines: {node: '>= 18'}
    dependencies:
      '@octokit/auth-token': 4.0.0
      '@octokit/graphql': 7.0.1
      '@octokit/request': 8.1.1
      '@octokit/request-error': 5.0.0
      '@octokit/types': 11.1.0
      before-after-hook: 2.2.3
      universal-user-agent: 6.0.0
    dev: false

  /@octokit/endpoint@6.0.12:
    resolution: {integrity: sha512-lF3puPwkQWGfkMClXb4k/eUT/nZKQfxinRWJrdZaJO85Dqwo/G0yOC434Jr2ojwafWJMYqFGFa5ms4jJUgujdA==}
    dependencies:
      '@octokit/types': 6.41.0
      is-plain-object: 5.0.0
      universal-user-agent: 6.0.0
    dev: false

  /@octokit/endpoint@9.0.0:
    resolution: {integrity: sha512-szrQhiqJ88gghWY2Htt8MqUDO6++E/EIXqJ2ZEp5ma3uGS46o7LZAzSLt49myB7rT+Hfw5Y6gO3LmOxGzHijAQ==}
    engines: {node: '>= 18'}
    dependencies:
      '@octokit/types': 11.1.0
      is-plain-object: 5.0.0
      universal-user-agent: 6.0.0
    dev: false

  /@octokit/graphql@4.8.0:
    resolution: {integrity: sha512-0gv+qLSBLKF0z8TKaSKTsS39scVKF9dbMxJpj3U0vC7wjNWFuIpL/z76Qe2fiuCbDRcJSavkXsVtMS6/dtQQsg==}
    dependencies:
      '@octokit/request': 5.6.3
      '@octokit/types': 6.41.0
      universal-user-agent: 6.0.0
    transitivePeerDependencies:
      - encoding
    dev: false

  /@octokit/graphql@7.0.1:
    resolution: {integrity: sha512-T5S3oZ1JOE58gom6MIcrgwZXzTaxRnxBso58xhozxHpOqSTgDS6YNeEUvZ/kRvXgPrRz/KHnZhtb7jUMRi9E6w==}
    engines: {node: '>= 18'}
    dependencies:
      '@octokit/request': 8.1.1
      '@octokit/types': 11.1.0
      universal-user-agent: 6.0.0
    dev: false

  /@octokit/openapi-types@12.11.0:
    resolution: {integrity: sha512-VsXyi8peyRq9PqIz/tpqiL2w3w80OgVMwBHltTml3LmVvXiphgeqmY9mvBw9Wu7e0QWk/fqD37ux8yP5uVekyQ==}
    dev: false

  /@octokit/openapi-types@18.0.0:
    resolution: {integrity: sha512-V8GImKs3TeQRxRtXFpG2wl19V7444NIOTDF24AWuIbmNaNYOQMWRbjcGDXV5B+0n887fgDcuMNOmlul+k+oJtw==}
    dev: false

  /@octokit/plugin-paginate-rest@2.21.3(@octokit/core@3.6.0):
    resolution: {integrity: sha512-aCZTEf0y2h3OLbrgKkrfFdjRL6eSOo8komneVQJnYecAxIej7Bafor2xhuDJOIFau4pk0i/P28/XgtbyPF0ZHw==}
    peerDependencies:
      '@octokit/core': '>=2'
    dependencies:
      '@octokit/core': 3.6.0
      '@octokit/types': 6.41.0
    dev: false

  /@octokit/plugin-paginate-rest@8.0.0(@octokit/core@5.0.0):
    resolution: {integrity: sha512-2xZ+baZWUg+qudVXnnvXz7qfrTmDeYPCzangBVq/1gXxii/OiS//4shJp9dnCCvj1x+JAm9ji1Egwm1BA47lPQ==}
    engines: {node: '>= 18'}
    peerDependencies:
      '@octokit/core': '>=5'
    dependencies:
      '@octokit/core': 5.0.0
      '@octokit/types': 11.1.0
    dev: false

  /@octokit/plugin-request-log@4.0.0(@octokit/core@5.0.0):
    resolution: {integrity: sha512-2uJI1COtYCq8Z4yNSnM231TgH50bRkheQ9+aH8TnZanB6QilOnx8RMD2qsnamSOXtDj0ilxvevf5fGsBhBBzKA==}
    engines: {node: '>= 18'}
    peerDependencies:
      '@octokit/core': '>=5'
    dependencies:
      '@octokit/core': 5.0.0
    dev: false

  /@octokit/plugin-rest-endpoint-methods@5.16.2(@octokit/core@3.6.0):
    resolution: {integrity: sha512-8QFz29Fg5jDuTPXVtey05BLm7OB+M8fnvE64RNegzX7U+5NUXcOcnpTIK0YfSHBg8gYd0oxIq3IZTe9SfPZiRw==}
    peerDependencies:
      '@octokit/core': '>=3'
    dependencies:
      '@octokit/core': 3.6.0
      '@octokit/types': 6.41.0
      deprecation: 2.3.1
    dev: false

  /@octokit/plugin-rest-endpoint-methods@9.0.0(@octokit/core@5.0.0):
    resolution: {integrity: sha512-KquMF/VB1IkKNiVnzJKspY5mFgGyLd7HzdJfVEGTJFzqu9BRFNWt+nwTCMuUiWc72gLQhRWYubTwOkQj+w/1PA==}
    engines: {node: '>= 18'}
    peerDependencies:
      '@octokit/core': '>=5'
    dependencies:
      '@octokit/core': 5.0.0
      '@octokit/types': 11.1.0
    dev: false

  /@octokit/request-error@2.1.0:
    resolution: {integrity: sha512-1VIvgXxs9WHSjicsRwq8PlR2LR2x6DwsJAaFgzdi0JfJoGSO8mYI/cHJQ+9FbN21aa+DrgNLnwObmyeSC8Rmpg==}
    dependencies:
      '@octokit/types': 6.41.0
      deprecation: 2.3.1
      once: 1.4.0
    dev: false

  /@octokit/request-error@5.0.0:
    resolution: {integrity: sha512-1ue0DH0Lif5iEqT52+Rf/hf0RmGO9NWFjrzmrkArpG9trFfDM/efx00BJHdLGuro4BR/gECxCU2Twf5OKrRFsQ==}
    engines: {node: '>= 18'}
    dependencies:
      '@octokit/types': 11.1.0
      deprecation: 2.3.1
      once: 1.4.0
    dev: false

  /@octokit/request@5.6.3:
    resolution: {integrity: sha512-bFJl0I1KVc9jYTe9tdGGpAMPy32dLBXXo1dS/YwSCTL/2nd9XeHsY616RE3HPXDVk+a+dBuzyz5YdlXwcDTr2A==}
    dependencies:
      '@octokit/endpoint': 6.0.12
      '@octokit/request-error': 2.1.0
      '@octokit/types': 6.41.0
      is-plain-object: 5.0.0
      node-fetch: 2.6.12
      universal-user-agent: 6.0.0
    transitivePeerDependencies:
      - encoding
    dev: false

  /@octokit/request@8.1.1:
    resolution: {integrity: sha512-8N+tdUz4aCqQmXl8FpHYfKG9GelDFd7XGVzyN8rc6WxVlYcfpHECnuRkgquzz+WzvHTK62co5di8gSXnzASZPQ==}
    engines: {node: '>= 18'}
    dependencies:
      '@octokit/endpoint': 9.0.0
      '@octokit/request-error': 5.0.0
      '@octokit/types': 11.1.0
      is-plain-object: 5.0.0
      universal-user-agent: 6.0.0
    dev: false

  /@octokit/rest@20.0.1:
    resolution: {integrity: sha512-wROV21RwHQIMNb2Dgd4+pY+dVy1Dwmp85pBrgr6YRRDYRBu9Gb+D73f4Bl2EukZSj5hInq2Tui9o7gAQpc2k2Q==}
    engines: {node: '>= 18'}
    dependencies:
      '@octokit/core': 5.0.0
      '@octokit/plugin-paginate-rest': 8.0.0(@octokit/core@5.0.0)
      '@octokit/plugin-request-log': 4.0.0(@octokit/core@5.0.0)
      '@octokit/plugin-rest-endpoint-methods': 9.0.0(@octokit/core@5.0.0)
    dev: false

  /@octokit/types@11.1.0:
    resolution: {integrity: sha512-Fz0+7GyLm/bHt8fwEqgvRBWwIV1S6wRRyq+V6exRKLVWaKGsuy6H9QFYeBVDV7rK6fO3XwHgQOPxv+cLj2zpXQ==}
    dependencies:
      '@octokit/openapi-types': 18.0.0
    dev: false

  /@octokit/types@6.41.0:
    resolution: {integrity: sha512-eJ2jbzjdijiL3B4PrSQaSjuF2sPEQPVCPzBvTHJD9Nz+9dw2SGH4K4xeQJ77YfTq5bRQ+bD8wT11JbeDPmxmGg==}
    dependencies:
      '@octokit/openapi-types': 12.11.0
    dev: false

  /@rometools/cli-darwin-arm64@12.1.3:
    resolution: {integrity: sha512-AmFTUDYjBuEGQp/Wwps+2cqUr+qhR7gyXAUnkL5psCuNCz3807TrUq/ecOoct5MIavGJTH6R4aaSL6+f+VlBEg==}
    cpu: [arm64]
    os: [darwin]
    requiresBuild: true
    dev: true
    optional: true

  /@rometools/cli-darwin-x64@12.1.3:
    resolution: {integrity: sha512-k8MbWna8q4LRlb005N2X+JS1UQ+s3ZLBBvwk4fP8TBxlAJXUz17jLLu/Fi+7DTTEmMhM84TWj4FDKW+rNar28g==}
    cpu: [x64]
    os: [darwin]
    requiresBuild: true
    dev: true
    optional: true

  /@rometools/cli-linux-arm64@12.1.3:
    resolution: {integrity: sha512-X/uLhJ2/FNA3nu5TiyeNPqiD3OZoFfNfRvw6a3ut0jEREPvEn72NI7WPijH/gxSz55znfQ7UQ6iM4DZumUknJg==}
    cpu: [arm64]
    os: [linux]
    requiresBuild: true
    dev: true
    optional: true

  /@rometools/cli-linux-x64@12.1.3:
    resolution: {integrity: sha512-csP17q1eWiUXx9z6Jr/JJPibkplyKIwiWPYNzvPCGE8pHlKhwZj3YHRuu7Dm/4EOqx0XFIuqqWZUYm9bkIC8xg==}
    cpu: [x64]
    os: [linux]
    requiresBuild: true
    dev: true
    optional: true

  /@rometools/cli-win32-arm64@12.1.3:
    resolution: {integrity: sha512-RymHWeod57EBOJY4P636CgUwYA6BQdkQjh56XKk4pLEHO6X1bFyMet2XL7KlHw5qOTalzuzf5jJqUs+vf3jdXQ==}
    cpu: [arm64]
    os: [win32]
    requiresBuild: true
    dev: true
    optional: true

  /@rometools/cli-win32-x64@12.1.3:
    resolution: {integrity: sha512-yHSKYidqJMV9nADqg78GYA+cZ0hS1twANAjiFibQdXj9aGzD+s/IzIFEIi/U/OBLvWYg/SCw0QVozi2vTlKFDQ==}
    cpu: [x64]
    os: [win32]
    requiresBuild: true
    dev: true
    optional: true

  /@smithy/abort-controller@2.0.1:
    resolution: {integrity: sha512-0s7XjIbsTwZyUW9OwXQ8J6x1UiA1TNCh60Vaw56nHahL7kUZsLhmTlWiaxfLkFtO2Utkj8YewcpHTYpxaTzO+w==}
    engines: {node: '>=14.0.0'}
    dependencies:
      '@smithy/types': 2.0.2
      tslib: 2.6.1
    dev: false

  /@smithy/config-resolver@2.0.1:
    resolution: {integrity: sha512-l83Pm7hV+8CBQOCmBRopWDtF+CURUJol7NsuPYvimiDhkC2F8Ba9T1imSFE+pD1UIJ9jlsDPAnZfPJT5cjnuEw==}
    engines: {node: '>=14.0.0'}
    dependencies:
      '@smithy/types': 2.0.2
      '@smithy/util-config-provider': 2.0.0
      '@smithy/util-middleware': 2.0.0
      tslib: 2.6.1
    dev: false

  /@smithy/credential-provider-imds@2.0.1:
    resolution: {integrity: sha512-8VxriuRINNEfVZjEFKBY75y9ZWAx73DZ5K/u+3LmB6r8WR2h3NaFxFKMlwlq0uzNdGhD1ouKBn9XWEGYHKiPLw==}
    engines: {node: '>=14.0.0'}
    dependencies:
      '@smithy/node-config-provider': 2.0.1
      '@smithy/property-provider': 2.0.1
      '@smithy/types': 2.0.2
      '@smithy/url-parser': 2.0.1
      tslib: 2.6.1
    dev: false

  /@smithy/eventstream-codec@2.0.1:
    resolution: {integrity: sha512-/IiNB7gQM2y2ZC/GAWOWDa8+iXfhr1g9Xe5979cQEOdCWDISvrAiv18cn3OtIQUhbYOR3gm7QtCpkq1to2takQ==}
    dependencies:
      '@aws-crypto/crc32': 3.0.0
      '@smithy/types': 2.0.2
      '@smithy/util-hex-encoding': 2.0.0
      tslib: 2.6.1
    dev: false

  /@smithy/fetch-http-handler@2.0.1:
    resolution: {integrity: sha512-/SoU/ClazgcdOxgE4zA7RX8euiELwpsrKCSvulVQvu9zpmqJRyEJn8ZTWYFV17/eHOBdHTs9kqodhNhsNT+cUw==}
    dependencies:
      '@smithy/protocol-http': 2.0.1
      '@smithy/querystring-builder': 2.0.1
      '@smithy/types': 2.0.2
      '@smithy/util-base64': 2.0.0
      tslib: 2.6.1
    dev: false

  /@smithy/hash-node@2.0.1:
    resolution: {integrity: sha512-oTKYimQdF4psX54ZonpcIE+MXjMUWFxLCNosjPkJPFQ9whRX0K/PFX/+JZGRQh3zO9RlEOEUIbhy9NO+Wha6hw==}
    engines: {node: '>=14.0.0'}
    dependencies:
      '@smithy/types': 2.0.2
      '@smithy/util-buffer-from': 2.0.0
      '@smithy/util-utf8': 2.0.0
      tslib: 2.6.1
    dev: false

  /@smithy/invalid-dependency@2.0.1:
    resolution: {integrity: sha512-2q/Eb0AE662zwyMV+z+TL7deBwcHCgaZZGc0RItamBE8kak3MzCi/EZCNoFWoBfxgQ4jfR12wm8KKsSXhJzJtQ==}
    dependencies:
      '@smithy/types': 2.0.2
      tslib: 2.6.1
    dev: false

  /@smithy/is-array-buffer@2.0.0:
    resolution: {integrity: sha512-z3PjFjMyZNI98JFRJi/U0nGoLWMSJlDjAW4QUX2WNZLas5C0CmVV6LJ01JI0k90l7FvpmixjWxPFmENSClQ7ug==}
    engines: {node: '>=14.0.0'}
    dependencies:
      tslib: 2.6.1
    dev: false

  /@smithy/middleware-content-length@2.0.1:
    resolution: {integrity: sha512-IZhRSk5GkVBcrKaqPXddBS2uKhaqwBgaSgbBb1OJyGsKe7SxRFbclWS0LqOR9fKUkDl+3lL8E2ffpo6EQg0igw==}
    engines: {node: '>=14.0.0'}
    dependencies:
      '@smithy/protocol-http': 2.0.1
      '@smithy/types': 2.0.2
      tslib: 2.6.1
    dev: false

  /@smithy/middleware-endpoint@2.0.1:
    resolution: {integrity: sha512-uz/KI1MBd9WHrrkVFZO4L4Wyv24raf0oR4EsOYEeG5jPJO5U+C7MZGLcMxX8gWERDn1sycBDqmGv8fjUMLxT6w==}
    engines: {node: '>=14.0.0'}
    dependencies:
      '@smithy/middleware-serde': 2.0.1
      '@smithy/types': 2.0.2
      '@smithy/url-parser': 2.0.1
      '@smithy/util-middleware': 2.0.0
      tslib: 2.6.1
    dev: false

  /@smithy/middleware-retry@2.0.1:
    resolution: {integrity: sha512-NKHF4i0gjSyjO6C0ZyjEpNqzGgIu7s8HOK6oT/1Jqws2Q1GynR1xV8XTUs1gKXeaNRzbzKQRewHHmfPwZjOtHA==}
    engines: {node: '>=14.0.0'}
    dependencies:
      '@smithy/protocol-http': 2.0.1
      '@smithy/service-error-classification': 2.0.0
      '@smithy/types': 2.0.2
      '@smithy/util-middleware': 2.0.0
      '@smithy/util-retry': 2.0.0
      tslib: 2.6.1
      uuid: 8.3.2
    dev: false

  /@smithy/middleware-serde@2.0.1:
    resolution: {integrity: sha512-uKxPaC6ItH9ZXdpdqNtf8sda7GcU4SPMp0tomq/5lUg9oiMa/Q7+kD35MUrpKaX3IVXVrwEtkjCU9dogZ/RAUA==}
    engines: {node: '>=14.0.0'}
    dependencies:
      '@smithy/types': 2.0.2
      tslib: 2.6.1
    dev: false

  /@smithy/middleware-stack@2.0.0:
    resolution: {integrity: sha512-31XC1xNF65nlbc16yuh3wwTudmqs6qy4EseQUGF8A/p2m/5wdd/cnXJqpniy/XvXVwkHPz/GwV36HqzHtIKATQ==}
    engines: {node: '>=14.0.0'}
    dependencies:
      tslib: 2.6.1
    dev: false

  /@smithy/node-config-provider@2.0.1:
    resolution: {integrity: sha512-Zoel4CPkKRTQ2XxmozZUfqBYqjPKL53/SvTDhJHj+VBSiJy6MXRav1iDCyFPS92t40Uh+Yi+Km5Ch3hQ+c/zSA==}
    engines: {node: '>=14.0.0'}
    dependencies:
      '@smithy/property-provider': 2.0.1
      '@smithy/shared-ini-file-loader': 2.0.1
      '@smithy/types': 2.0.2
      tslib: 2.6.1
    dev: false

  /@smithy/node-http-handler@2.0.1:
    resolution: {integrity: sha512-Zv3fxk3p9tsmPT2CKMsbuwbbxnq2gzLDIulxv+yI6aE+02WPYorObbbe9gh7SW3weadMODL1vTfOoJ9yFypDzg==}
    engines: {node: '>=14.0.0'}
    dependencies:
      '@smithy/abort-controller': 2.0.1
      '@smithy/protocol-http': 2.0.1
      '@smithy/querystring-builder': 2.0.1
      '@smithy/types': 2.0.2
      tslib: 2.6.1
    dev: false

  /@smithy/property-provider@2.0.1:
    resolution: {integrity: sha512-pmJRyY9SF6sutWIktIhe+bUdSQDxv/qZ4mYr3/u+u45riTPN7nmRxPo+e4sjWVoM0caKFjRSlj3tf5teRFy0Vg==}
    engines: {node: '>=14.0.0'}
    dependencies:
      '@smithy/types': 2.0.2
      tslib: 2.6.1
    dev: false

  /@smithy/protocol-http@2.0.1:
    resolution: {integrity: sha512-mrkMAp0wtaDEIkgRObWYxI1Kun1tm6Iu6rK+X4utb6Ah7Uc3Kk4VIWwK/rBHdYGReiLIrxFCB1rq4a2gyZnSgg==}
    engines: {node: '>=14.0.0'}
    dependencies:
      '@smithy/types': 2.0.2
      tslib: 2.6.1
    dev: false

  /@smithy/querystring-builder@2.0.1:
    resolution: {integrity: sha512-bp+93WFzx1FojVEIeFPtG0A1pKsFdCUcZvVdZdRlmNooOUrz9Mm9bneRd8hDwAQ37pxiZkCOxopSXXRQN10mYw==}
    engines: {node: '>=14.0.0'}
    dependencies:
      '@smithy/types': 2.0.2
      '@smithy/util-uri-escape': 2.0.0
      tslib: 2.6.1
    dev: false

  /@smithy/querystring-parser@2.0.1:
    resolution: {integrity: sha512-h+e7k1z+IvI2sSbUBG9Aq46JsgLl4UqIUl6aigAlRBj+P6ocNXpM6Yn1vMBw5ijtXeZbYpd1YvCxwDgdw3jhmg==}
    engines: {node: '>=14.0.0'}
    dependencies:
      '@smithy/types': 2.0.2
      tslib: 2.6.1
    dev: false

  /@smithy/service-error-classification@2.0.0:
    resolution: {integrity: sha512-2z5Nafy1O0cTf69wKyNjGW/sNVMiqDnb4jgwfMG8ye8KnFJ5qmJpDccwIbJNhXIfbsxTg9SEec2oe1cexhMJvw==}
    engines: {node: '>=14.0.0'}
    dev: false

  /@smithy/shared-ini-file-loader@2.0.1:
    resolution: {integrity: sha512-a463YiZrPGvM+F336rIF8pLfQsHAdCRAn/BiI/EWzg5xLoxbC7GSxIgliDDXrOu0z8gT3nhVsif85eU6jyct3A==}
    engines: {node: '>=14.0.0'}
    dependencies:
      '@smithy/types': 2.0.2
      tslib: 2.6.1
    dev: false

  /@smithy/signature-v4@2.0.1:
    resolution: {integrity: sha512-jztv5Mirca42ilxmMDjzLdXcoAmRhZskGafGL49sRo5u7swEZcToEFrq6vtX5YMbSyTVrE9Teog5EFexY5Ff2Q==}
    engines: {node: '>=14.0.0'}
    dependencies:
      '@smithy/eventstream-codec': 2.0.1
      '@smithy/is-array-buffer': 2.0.0
      '@smithy/types': 2.0.2
      '@smithy/util-hex-encoding': 2.0.0
      '@smithy/util-middleware': 2.0.0
      '@smithy/util-uri-escape': 2.0.0
      '@smithy/util-utf8': 2.0.0
      tslib: 2.6.1
    dev: false

  /@smithy/smithy-client@2.0.1:
    resolution: {integrity: sha512-LHC5m6tYpEu1iNbONfvMbwtErboyTZJfEIPoD78Ei5MVr36vZQCaCla5mvo36+q/a2NAk2//fA5Rx3I1Kf7+lQ==}
    engines: {node: '>=14.0.0'}
    dependencies:
      '@smithy/middleware-stack': 2.0.0
      '@smithy/types': 2.0.2
      '@smithy/util-stream': 2.0.1
      tslib: 2.6.1
    dev: false

  /@smithy/types@2.0.2:
    resolution: {integrity: sha512-wcymEjIXQ9+NEfE5Yt5TInAqe1o4n+Nh+rh00AwoazppmUt8tdo6URhc5gkDcOYrcvlDVAZE7uG69nDpEGUKxw==}
    engines: {node: '>=14.0.0'}
    dependencies:
      tslib: 2.6.1
    dev: false

  /@smithy/url-parser@2.0.1:
    resolution: {integrity: sha512-NpHVOAwddo+OyyIoujDL9zGL96piHWrTNXqltWmBvlUoWgt1HPyBuKs6oHjioyFnNZXUqveTOkEEq0U5w6Uv8A==}
    dependencies:
      '@smithy/querystring-parser': 2.0.1
      '@smithy/types': 2.0.2
      tslib: 2.6.1
    dev: false

  /@smithy/util-base64@2.0.0:
    resolution: {integrity: sha512-Zb1E4xx+m5Lud8bbeYi5FkcMJMnn+1WUnJF3qD7rAdXpaL7UjkFQLdmW5fHadoKbdHpwH9vSR8EyTJFHJs++tA==}
    engines: {node: '>=14.0.0'}
    dependencies:
      '@smithy/util-buffer-from': 2.0.0
      tslib: 2.6.1
    dev: false

  /@smithy/util-body-length-browser@2.0.0:
    resolution: {integrity: sha512-JdDuS4ircJt+FDnaQj88TzZY3+njZ6O+D3uakS32f2VNnDo3vyEuNdBOh/oFd8Df1zSZOuH1HEChk2AOYDezZg==}
    dependencies:
      tslib: 2.6.1
    dev: false

  /@smithy/util-body-length-node@2.0.0:
    resolution: {integrity: sha512-ZV7Z/WHTMxHJe/xL/56qZwSUcl63/5aaPAGjkfynJm4poILjdD4GmFI+V+YWabh2WJIjwTKZ5PNsuvPQKt93Mg==}
    engines: {node: '>=14.0.0'}
    dependencies:
      tslib: 2.6.1
    dev: false

  /@smithy/util-buffer-from@2.0.0:
    resolution: {integrity: sha512-/YNnLoHsR+4W4Vf2wL5lGv0ksg8Bmk3GEGxn2vEQt52AQaPSCuaO5PM5VM7lP1K9qHRKHwrPGktqVoAHKWHxzw==}
    engines: {node: '>=14.0.0'}
    dependencies:
      '@smithy/is-array-buffer': 2.0.0
      tslib: 2.6.1
    dev: false

  /@smithy/util-config-provider@2.0.0:
    resolution: {integrity: sha512-xCQ6UapcIWKxXHEU4Mcs2s7LcFQRiU3XEluM2WcCjjBtQkUN71Tb+ydGmJFPxMUrW/GWMgQEEGipLym4XG0jZg==}
    engines: {node: '>=14.0.0'}
    dependencies:
      tslib: 2.6.1
    dev: false

  /@smithy/util-defaults-mode-browser@2.0.1:
    resolution: {integrity: sha512-w72Qwsb+IaEYEFtYICn0Do42eFju78hTaBzzJfT107lFOPdbjWjKnFutV+6GL/nZd5HWXY7ccAKka++C3NrjHw==}
    engines: {node: '>= 10.0.0'}
    dependencies:
      '@smithy/property-provider': 2.0.1
      '@smithy/types': 2.0.2
      bowser: 2.11.0
      tslib: 2.6.1
    dev: false

  /@smithy/util-defaults-mode-node@2.0.1:
    resolution: {integrity: sha512-dNF45caelEBambo0SgkzQ0v76m4YM+aFKZNTtSafy7P5dVF8TbjZuR2UX1A5gJABD9XK6lzN+v/9Yfzj/EDgGg==}
    engines: {node: '>= 10.0.0'}
    dependencies:
      '@smithy/config-resolver': 2.0.1
      '@smithy/credential-provider-imds': 2.0.1
      '@smithy/node-config-provider': 2.0.1
      '@smithy/property-provider': 2.0.1
      '@smithy/types': 2.0.2
      tslib: 2.6.1
    dev: false

  /@smithy/util-hex-encoding@2.0.0:
    resolution: {integrity: sha512-c5xY+NUnFqG6d7HFh1IFfrm3mGl29lC+vF+geHv4ToiuJCBmIfzx6IeHLg+OgRdPFKDXIw6pvi+p3CsscaMcMA==}
    engines: {node: '>=14.0.0'}
    dependencies:
      tslib: 2.6.1
    dev: false

  /@smithy/util-middleware@2.0.0:
    resolution: {integrity: sha512-eCWX4ECuDHn1wuyyDdGdUWnT4OGyIzV0LN1xRttBFMPI9Ff/4heSHVxneyiMtOB//zpXWCha1/SWHJOZstG7kA==}
    engines: {node: '>=14.0.0'}
    dependencies:
      tslib: 2.6.1
    dev: false

  /@smithy/util-retry@2.0.0:
    resolution: {integrity: sha512-/dvJ8afrElasuiiIttRJeoS2sy8YXpksQwiM/TcepqdRVp7u4ejd9C4IQURHNjlfPUT7Y6lCDSa2zQJbdHhVTg==}
    engines: {node: '>= 14.0.0'}
    dependencies:
      '@smithy/service-error-classification': 2.0.0
      tslib: 2.6.1
    dev: false

  /@smithy/util-stream@2.0.1:
    resolution: {integrity: sha512-2a0IOtwIKC46EEo7E7cxDN8u2jwOiYYJqcFKA6rd5rdXqKakHT2Gc+AqHWngr0IEHUfW92zX12wRQKwyoqZf2Q==}
    engines: {node: '>=14.0.0'}
    dependencies:
      '@smithy/fetch-http-handler': 2.0.1
      '@smithy/node-http-handler': 2.0.1
      '@smithy/types': 2.0.2
      '@smithy/util-base64': 2.0.0
      '@smithy/util-buffer-from': 2.0.0
      '@smithy/util-hex-encoding': 2.0.0
      '@smithy/util-utf8': 2.0.0
      tslib: 2.6.1
    dev: false

  /@smithy/util-uri-escape@2.0.0:
    resolution: {integrity: sha512-ebkxsqinSdEooQduuk9CbKcI+wheijxEb3utGXkCoYQkJnwTnLbH1JXGimJtUkQwNQbsbuYwG2+aFVyZf5TLaw==}
    engines: {node: '>=14.0.0'}
    dependencies:
      tslib: 2.6.1
    dev: false

  /@smithy/util-utf8@2.0.0:
    resolution: {integrity: sha512-rctU1VkziY84n5OXe3bPNpKR001ZCME2JCaBBFgtiM2hfKbHFudc/BkMuPab8hRbLd0j3vbnBTTZ1igBf0wgiQ==}
    engines: {node: '>=14.0.0'}
    dependencies:
      '@smithy/util-buffer-from': 2.0.0
      tslib: 2.6.1
    dev: false

  /@smithy/util-waiter@2.0.1:
    resolution: {integrity: sha512-bSyGFicPRYuGFFWAr72UvYI7tE7KmEeFJJ5iaLuTTdo8RGaNBZ2kE25coGtzrejYh9AhwSfckBvbxgEDxIxhlA==}
    engines: {node: '>=14.0.0'}
    dependencies:
      '@smithy/abort-controller': 2.0.1
      '@smithy/types': 2.0.2
      tslib: 2.6.1
    dev: false

  /@types/node@16.18.39:
    resolution: {integrity: sha512-8q9ZexmdYYyc5/cfujaXb4YOucpQxAV4RMG0himLyDUOEr8Mr79VrqsFI+cQ2M2h89YIuy95lbxuYjxT4Hk4kQ==}
    dev: true

  /before-after-hook@2.2.3:
    resolution: {integrity: sha512-NzUnlZexiaH/46WDhANlyR2bXRopNg4F/zuSA3OpZnllCUgRaOF2znDioDWrmbNVsuZk6l9pMquQB38cfBZwkQ==}
    dev: false

  /bowser@2.11.0:
    resolution: {integrity: sha512-AlcaJBi/pqqJBIQ8U9Mcpc9i8Aqxn88Skv5d+xBX006BY5u8N3mGLHa5Lgppa7L/HfwgwLgZ6NYs+Ag6uUmJRA==}
    dev: false

  /data-uri-to-buffer@4.0.1:
    resolution: {integrity: sha512-0R9ikRb668HB7QDxT1vkpuUBtqc53YyAwMwGeUFKRojY/NWKvdZ+9UYtRfGmhqNbRkTSVpMbmyhXipFFv2cb/A==}
    engines: {node: '>= 12'}
    dev: false

  /deprecation@2.3.1:
    resolution: {integrity: sha512-xmHIy4F3scKVwMsQ4WnVaS8bHOx0DmVwRywosKhaILI0ywMDWPtBSku2HNxRvF7jtwDRsoEwYQSfbxj8b7RlJQ==}
    dev: false

  /esbuild@0.18.18:
    resolution: {integrity: sha512-UckDPWvdVJLNT0npk5AMTpVwGRQhS76rWFLmHwEtgNvWlR9sgVV1eyc/oeBtM86q9s8ABBLMmm0CwNxhVemOiw==}
    engines: {node: '>=12'}
    hasBin: true
    requiresBuild: true
    optionalDependencies:
      '@esbuild/android-arm': 0.18.18
      '@esbuild/android-arm64': 0.18.18
      '@esbuild/android-x64': 0.18.18
      '@esbuild/darwin-arm64': 0.18.18
      '@esbuild/darwin-x64': 0.18.18
      '@esbuild/freebsd-arm64': 0.18.18
      '@esbuild/freebsd-x64': 0.18.18
      '@esbuild/linux-arm': 0.18.18
      '@esbuild/linux-arm64': 0.18.18
      '@esbuild/linux-ia32': 0.18.18
      '@esbuild/linux-loong64': 0.18.18
      '@esbuild/linux-mips64el': 0.18.18
      '@esbuild/linux-ppc64': 0.18.18
      '@esbuild/linux-riscv64': 0.18.18
      '@esbuild/linux-s390x': 0.18.18
      '@esbuild/linux-x64': 0.18.18
      '@esbuild/netbsd-x64': 0.18.18
      '@esbuild/openbsd-x64': 0.18.18
      '@esbuild/sunos-x64': 0.18.18
      '@esbuild/win32-arm64': 0.18.18
      '@esbuild/win32-ia32': 0.18.18
      '@esbuild/win32-x64': 0.18.18
    dev: true

  /fast-xml-parser@4.2.5:
    resolution: {integrity: sha512-B9/wizE4WngqQftFPmdaMYlXoJlJOYxGQOanC77fq9k8+Z0v5dDSVh+3glErdIROP//s/jgb7ZuxKfB8nVyo0g==}
    hasBin: true
    dependencies:
      strnum: 1.0.5
    dev: false

  /fetch-blob@3.2.0:
    resolution: {integrity: sha512-7yAQpD2UMJzLi1Dqv7qFYnPbaPx7ZfFK6PiIxQ4PfkGPyNyl2Ugx+a/umUonmKqjhM4DnfbMvdX6otXq83soQQ==}
    engines: {node: ^12.20 || >= 14.13}
    dependencies:
      node-domexception: 1.0.0
      web-streams-polyfill: 3.2.1
    dev: false

  /formdata-polyfill@4.0.10:
    resolution: {integrity: sha512-buewHzMvYL29jdeQTVILecSaZKnt/RJWjoZCF5OW60Z67/GmSLBkOFM7qh1PI3zFNtJbaZL5eQu1vLfazOwj4g==}
    engines: {node: '>=12.20.0'}
    dependencies:
      fetch-blob: 3.2.0
    dev: false

  /is-plain-object@5.0.0:
    resolution: {integrity: sha512-VRSzKkbMm5jMDoKLbltAkFQ5Qr7VDiTFGXxYFXXowVj387GeGNOCsOH6Msy00SGZ3Fp84b1Naa1psqgcCIEP5Q==}
    engines: {node: '>=0.10.0'}
    dev: false

  /node-domexception@1.0.0:
    resolution: {integrity: sha512-/jKZoMpw0F8GRwl4/eLROPA3cfcXtLApP0QzLmUT/HuPCZWyB7IY9ZrMeKw2O/nFIqPQB3PVM9aYm0F312AXDQ==}
    engines: {node: '>=10.5.0'}
    dev: false

  /node-fetch@2.6.12:
    resolution: {integrity: sha512-C/fGU2E8ToujUivIO0H+tpQ6HWo4eEmchoPIoXtxCrVghxdKq+QOHqEZW7tuP3KlV3bC8FRMO5nMCC7Zm1VP6g==}
    engines: {node: 4.x || >=6.0.0}
    peerDependencies:
      encoding: ^0.1.0
    peerDependenciesMeta:
      encoding:
        optional: true
    dependencies:
      whatwg-url: 5.0.0
    dev: false

  /node-fetch@3.3.2:
    resolution: {integrity: sha512-dRB78srN/l6gqWulah9SrxeYnxeddIG30+GOqK/9OlLVyLg3HPnr6SqOWTWOXKRwC2eGYCkZ59NNuSgvSrpgOA==}
    engines: {node: ^12.20.0 || ^14.13.1 || >=16.0.0}
    dependencies:
      data-uri-to-buffer: 4.0.1
      fetch-blob: 3.2.0
      formdata-polyfill: 4.0.10
    dev: false

  /once@1.4.0:
    resolution: {integrity: sha512-lNaJgI+2Q5URQBkccEKHTQOPaXdUxnZZElQTZY0MFUAuaEqe1E+Nyvgdz/aIyNi6Z9MzO5dv1H8n58/GELp3+w==}
    dependencies:
      wrappy: 1.0.2
    dev: false

  /rome@12.1.3:
    resolution: {integrity: sha512-e+ff72hxDpe/t5/Us7YRBVw3PBET7SeczTQNn6tvrWdrCaAw3qOukQQ+tDCkyFtS4yGsnhjrJbm43ctNbz27Yg==}
    engines: {node: '>=14.*'}
    hasBin: true
    requiresBuild: true
    optionalDependencies:
      '@rometools/cli-darwin-arm64': 12.1.3
      '@rometools/cli-darwin-x64': 12.1.3
      '@rometools/cli-linux-arm64': 12.1.3
      '@rometools/cli-linux-x64': 12.1.3
      '@rometools/cli-win32-arm64': 12.1.3
      '@rometools/cli-win32-x64': 12.1.3
    dev: true

  /strnum@1.0.5:
    resolution: {integrity: sha512-J8bbNyKKXl5qYcR36TIO8W3mVGVHrmmxsd5PAItGkmyzwJvybiw2IVq5nqd0i4LSNSkB/sx9VHllbfFdr9k1JA==}
    dev: false

  /tr46@0.0.3:
    resolution: {integrity: sha512-N3WMsuqV66lT30CrXNbEjx4GEwlow3v6rr4mCcv6prnfwhS01rkgyFdjPNBYd9br7LpXV1+Emh01fHnq2Gdgrw==}
    dev: false

  /tslib@1.14.1:
    resolution: {integrity: sha512-Xni35NKzjgMrwevysHTCArtLDpPvye8zV/0E4EyYn43P7/7qvQwPh9BGkHewbMulVntbigmcT7rdX3BNo9wRJg==}
    dev: false

  /tslib@2.6.1:
    resolution: {integrity: sha512-t0hLfiEKfMUoqhG+U1oid7Pva4bbDPHYfJNiB7BiIjRkj1pyC++4N3huJfqY6aRH6VTB0rvtzQwjM4K6qpfOig==}
    dev: false

  /tunnel@0.0.6:
    resolution: {integrity: sha512-1h/Lnq9yajKY2PEbBadPXj3VxsDDu844OnaAo52UVmIzIvwwtBPIuNvkjuzBlTWpfJyUbG3ez0KSBibQkj4ojg==}
    engines: {node: '>=0.6.11 <=0.7.0 || >=0.7.3'}
    dev: false

  /typescript@5.1.6:
    resolution: {integrity: sha512-zaWCozRZ6DLEWAWFrVDz1H6FVXzUSfTy5FUMWsQlU8Ym5JP9eO4xkTIROFCQvhQf61z6O/G6ugw3SgAnvvm+HA==}
    engines: {node: '>=14.17'}
    hasBin: true
    dev: true

  /universal-user-agent@6.0.0:
    resolution: {integrity: sha512-isyNax3wXoKaulPDZWHQqbmIx1k2tb9fb3GGDBRxCscfYV2Ch7WxPArBsFEG8s/safwXTT7H4QGhaIkTp9447w==}
    dev: false

  /uuid@8.3.2:
    resolution: {integrity: sha512-+NYs2QeMWy+GWFOEm9xnn6HCDp0l7QBD7ml8zLUmJ+93Q5NF0NocErnwkTkXVFNiX3/fpC6afS8Dhb/gz7R7eg==}
    hasBin: true
    dev: false

  /web-streams-polyfill@3.2.1:
    resolution: {integrity: sha512-e0MO3wdXWKrLbL0DgGnUV7WHVuw9OUvL4hjgnPkIeEvESk74gAITi5G606JtZPp39cd8HA9VQzCIvA49LpPN5Q==}
    engines: {node: '>= 8'}
    dev: false

  /webidl-conversions@3.0.1:
    resolution: {integrity: sha512-2JAn3z8AR6rjK8Sm8orRC0h/bcl/DqL7tRPdGZ4I1CjdF+EaMLmYxBHyXuKL849eucPFhvBoxMsflfOb8kxaeQ==}
    dev: false

  /whatwg-url@5.0.0:
    resolution: {integrity: sha512-saE57nupxk6v3HY35+jzBwYa0rKSy0XR8JSxZPwgLr7ys0IBzhGviA1/TUGJLmSVqs8pb9AnvICXEuOHLprYTw==}
    dependencies:
      tr46: 0.0.3
      webidl-conversions: 3.0.1
    dev: false

  /wrappy@1.0.2:
    resolution: {integrity: sha512-l4Sp/DRseor9wL6EvV2+TuQn63dMkPjZ/sp9XkghTEbV9KlPS1xUsZ3u7/IQO4wxtcFB4bgpQPRcR3QCvezPcQ==}
    dev: false
